
Microsoft Visual Studio Solution File, Format Version 12.00
# Visual Studio Version 16
VisualStudioVersion = 16.0.30503.244
MinimumVisualStudioVersion = 10.0.40219.1
Project("{8BC9CEB8-8B4A-11D0-8D11-00A0C91BC942}") = "ConsoleApplication2", "6\ConsoleApplication2\ConsoleApplication2.vcxproj", "{07D0B979-7F1A-4E9E-B9A6-5325F07EF39E}"
EndProject
Global
	GlobalSection(SolutionConfigurationPlatforms) = preSolution
		Debug|x64 = Debug|x64
		Debug|x86 = Debug|x86
		Release|x64 = Release|x64
		Release|x86 = Release|x86
	EndGlobalSection
	GlobalSection(ProjectConfigurationPlatforms) = postSolution
		{07D0B979-7F1A-4E9E-B9A6-5325F07EF39E}.Debug|x64.ActiveCfg = Debug|x64
		{07D0B979-7F1A-4E9E-B9A6-5325F07EF39E}.Debug|x64.Build.0 = Debug|x64
		{07D0B979-7F1A-4E9E-B9A6-5325F07EF39E}.Debug|x86.ActiveCfg = Debug|Win32
		{07D0B979-7F1A-4E9E-B9A6-5325F07EF39E}.Debug|x86.Build.0 = Debug|Win32
		{07D0B979-7F1A-4E9E-B9A6-5325F07EF39E}.Release|x64.ActiveCfg = Release|x64
		{07D0B979-7F1A-4E9E-B9A6-5325F07EF39E}.Release|x64.Build.0 = Release|x64
		{07D0B979-7F1A-4E9E-B9A6-5325F07EF39E}.Release|x86.ActiveCfg = Release|Win32
		{07D0B979-7F1A-4E9E-B9A6-5325F07EF39E}.Release|x86.Build.0 = Release|Win32
	EndGlobalSection
	GlobalSection(SolutionProperties) = preSolution
		HideSolutionNode = FALSE
	EndGlobalSection
	GlobalSection(ExtensibilityGlobals) = postSolution
		SolutionGuid = {4C93EC90-CB29-4B84-A13B-5E1414B8C93E}
	EndGlobalSection
EndGlobal
